
Microsoft Visual Studio Solution File, Format Version 12.00
# Visual Studio Version 17
VisualStudioVersion = 17.0.32014.148
MinimumVisualStudioVersion = 10.0.40219.1
Project("{FAE04EC0-301F-11D3-BF4B-00C04F79EFBC}") = "MyCarsAPI", "MyCarsAPI\MyCarsAPI.csproj", "{0E726A84-3BF0-4AAD-8F42-AA3D6244932B}"
EndProject
Global
	GlobalSection(SolutionConfigurationPlatforms) = preSolution
		Debug|Any CPU = Debug|Any CPU
		Release|Any CPU = Release|Any CPU
	EndGlobalSection
	GlobalSection(ProjectConfigurationPlatforms) = postSolution
		{0E726A84-3BF0-4AAD-8F42-AA3D6244932B}.Debug|Any CPU.ActiveCfg = Debug|Any CPU
		{0E726A84-3BF0-4AAD-8F42-AA3D6244932B}.Debug|Any CPU.Build.0 = Debug|Any CPU
		{0E726A84-3BF0-4AAD-8F42-AA3D6244932B}.Release|Any CPU.ActiveCfg = Release|Any CPU
		{0E726A84-3BF0-4AAD-8F42-AA3D6244932B}.Release|Any CPU.Build.0 = Release|Any CPU
	EndGlobalSection
	GlobalSection(SolutionProperties) = preSolution
		HideSolutionNode = FALSE
	EndGlobalSection
	GlobalSection(ExtensibilityGlobals) = postSolution
		SolutionGuid = {A532DE53-1BCE-4F57-993A-96ECFBBFF910}
	EndGlobalSection
EndGlobal
